
Microsoft Visual Studio Solution File, Format Version 12.00
# Visual Studio Version 17
VisualStudioVersion = 17.5.33502.453
MinimumVisualStudioVersion = 10.0.40219.1
Project("{2150E333-8FDC-42A3-9474-1A3956D46DE8}") = "Microservices", "Microservices", "{9A3BCD72-494A-45CC-8EED-63F7507B4EED}"
	ProjectSection(SolutionItems) = preProject
		ReadMe.txt = ReadMe.txt
	EndProjectSection
EndProject
Project("{2150E333-8FDC-42A3-9474-1A3956D46DE8}") = "Domian", "Domian", "{003F6CBA-6BAB-400B-86A9-3DC0EE5ABFBD}"
EndProject
Project("{2150E333-8FDC-42A3-9474-1A3956D46DE8}") = "Infra.Bus", "Infra.Bus", "{4FB139C5-6152-48FC-9FE6-8DDDAD568CBD}"
EndProject
Project("{2150E333-8FDC-42A3-9474-1A3956D46DE8}") = "Infra.IoC", "Infra.IoC", "{44461559-C3C5-4C28-9F9C-5947999A2A81}"
EndProject
Project("{9A19103F-16F7-4668-BE54-9A1E7A4F7556}") = "MicroRabbit.Domain.Core", "MicroRabbit.Domain.Core\MicroRabbit.Domain.Core.csproj", "{86A0A90E-95A6-467B-9BA7-29D29733FC0C}"
EndProject
Project("{9A19103F-16F7-4668-BE54-9A1E7A4F7556}") = "MicroRabbit.Infra.Bus", "MicroRabbit.Infra.Bus\MicroRabbit.Infra.Bus.csproj", "{827B2CAF-58F5-44DB-81AD-3F6142C7B9EC}"
EndProject
Project("{9A19103F-16F7-4668-BE54-9A1E7A4F7556}") = "MicroRabbit.Infra.IoC", "MicroRabbit.Infra.IoC\MicroRabbit.Infra.IoC.csproj", "{D264CE94-20C9-469B-A749-751BEB4FAD87}"
EndProject
Project("{2150E333-8FDC-42A3-9474-1A3956D46DE8}") = "Transfer", "Transfer", "{9E7FD27F-803C-452C-A5D1-D9F0E02D675E}"
EndProject
Project("{2150E333-8FDC-42A3-9474-1A3956D46DE8}") = "Api", "Api", "{D8C96B6A-7D35-49CF-917C-A65E9BB17CAB}"
EndProject
Project("{2150E333-8FDC-42A3-9474-1A3956D46DE8}") = "Application", "Application", "{6D15DB1C-431B-40AF-BABA-DEAD601433E8}"
EndProject
Project("{2150E333-8FDC-42A3-9474-1A3956D46DE8}") = "Data", "Data", "{7ECB8D7F-E14E-4F31-B323-DBF87597DA73}"
EndProject
Project("{2150E333-8FDC-42A3-9474-1A3956D46DE8}") = "Domain", "Domain", "{AABA3902-0F71-44C5-9D01-FC5AA461C675}"
EndProject
Project("{9A19103F-16F7-4668-BE54-9A1E7A4F7556}") = "MicroRabbit.Transfer.Application", "MicroRabbit.Transfer.Application\MicroRabbit.Transfer.Application.csproj", "{085DCB91-88B1-4E61-97A7-417525BEF1D4}"
EndProject
Project("{9A19103F-16F7-4668-BE54-9A1E7A4F7556}") = "MicroRabbit.Transfer.Data", "MicroRabbit.Transfer.Data\MicroRabbit.Transfer.Data.csproj", "{EB2E9349-E3AC-4A57-BF27-0B6E868EA138}"
EndProject
Project("{9A19103F-16F7-4668-BE54-9A1E7A4F7556}") = "MicroRabbit.Transfer.Api", "MicroRabbit.Transfer.Api\MicroRabbit.Transfer.Api.csproj", "{B0EA8A72-8170-46C2-AF32-473D13E16D0F}"
EndProject
Project("{9A19103F-16F7-4668-BE54-9A1E7A4F7556}") = "MicroRabbit.Transfer.Domain", "MicroRabbit.Transfer.Domain\MicroRabbit.Transfer.Domain.csproj", "{93402D19-B5D9-4D01-83F1-E757E76A1028}"
EndProject
Global
	GlobalSection(SolutionConfigurationPlatforms) = preSolution
		Debug|Any CPU = Debug|Any CPU
		Release|Any CPU = Release|Any CPU
	EndGlobalSection
	GlobalSection(ProjectConfigurationPlatforms) = postSolution
		{86A0A90E-95A6-467B-9BA7-29D29733FC0C}.Debug|Any CPU.ActiveCfg = Debug|Any CPU
		{86A0A90E-95A6-467B-9BA7-29D29733FC0C}.Debug|Any CPU.Build.0 = Debug|Any CPU
		{86A0A90E-95A6-467B-9BA7-29D29733FC0C}.Release|Any CPU.ActiveCfg = Release|Any CPU
		{86A0A90E-95A6-467B-9BA7-29D29733FC0C}.Release|Any CPU.Build.0 = Release|Any CPU
		{827B2CAF-58F5-44DB-81AD-3F6142C7B9EC}.Debug|Any CPU.ActiveCfg = Debug|Any CPU
		{827B2CAF-58F5-44DB-81AD-3F6142C7B9EC}.Debug|Any CPU.Build.0 = Debug|Any CPU
		{827B2CAF-58F5-44DB-81AD-3F6142C7B9EC}.Release|Any CPU.ActiveCfg = Release|Any CPU
		{827B2CAF-58F5-44DB-81AD-3F6142C7B9EC}.Release|Any CPU.Build.0 = Release|Any CPU
		{D264CE94-20C9-469B-A749-751BEB4FAD87}.Debug|Any CPU.ActiveCfg = Debug|Any CPU
		{D264CE94-20C9-469B-A749-751BEB4FAD87}.Debug|Any CPU.Build.0 = Debug|Any CPU
		{D264CE94-20C9-469B-A749-751BEB4FAD87}.Release|Any CPU.ActiveCfg = Release|Any CPU
		{D264CE94-20C9-469B-A749-751BEB4FAD87}.Release|Any CPU.Build.0 = Release|Any CPU
		{085DCB91-88B1-4E61-97A7-417525BEF1D4}.Debug|Any CPU.ActiveCfg = Debug|Any CPU
		{085DCB91-88B1-4E61-97A7-417525BEF1D4}.Debug|Any CPU.Build.0 = Debug|Any CPU
		{085DCB91-88B1-4E61-97A7-417525BEF1D4}.Release|Any CPU.ActiveCfg = Release|Any CPU
		{085DCB91-88B1-4E61-97A7-417525BEF1D4}.Release|Any CPU.Build.0 = Release|Any CPU
		{EB2E9349-E3AC-4A57-BF27-0B6E868EA138}.Debug|Any CPU.ActiveCfg = Debug|Any CPU
		{EB2E9349-E3AC-4A57-BF27-0B6E868EA138}.Debug|Any CPU.Build.0 = Debug|Any CPU
		{EB2E9349-E3AC-4A57-BF27-0B6E868EA138}.Release|Any CPU.ActiveCfg = Release|Any CPU
		{EB2E9349-E3AC-4A57-BF27-0B6E868EA138}.Release|Any CPU.Build.0 = Release|Any CPU
		{B0EA8A72-8170-46C2-AF32-473D13E16D0F}.Debug|Any CPU.ActiveCfg = Debug|Any CPU
		{B0EA8A72-8170-46C2-AF32-473D13E16D0F}.Debug|Any CPU.Build.0 = Debug|Any CPU
		{B0EA8A72-8170-46C2-AF32-473D13E16D0F}.Release|Any CPU.ActiveCfg = Release|Any CPU
		{B0EA8A72-8170-46C2-AF32-473D13E16D0F}.Release|Any CPU.Build.0 = Release|Any CPU
		{93402D19-B5D9-4D01-83F1-E757E76A1028}.Debug|Any CPU.ActiveCfg = Debug|Any CPU
		{93402D19-B5D9-4D01-83F1-E757E76A1028}.Debug|Any CPU.Build.0 = Debug|Any CPU
		{93402D19-B5D9-4D01-83F1-E757E76A1028}.Release|Any CPU.ActiveCfg = Release|Any CPU
		{93402D19-B5D9-4D01-83F1-E757E76A1028}.Release|Any CPU.Build.0 = Release|Any CPU
	EndGlobalSection
	GlobalSection(SolutionProperties) = preSolution
		HideSolutionNode = FALSE
	EndGlobalSection
	GlobalSection(NestedProjects) = preSolution
		{86A0A90E-95A6-467B-9BA7-29D29733FC0C} = {003F6CBA-6BAB-400B-86A9-3DC0EE5ABFBD}
		{827B2CAF-58F5-44DB-81AD-3F6142C7B9EC} = {4FB139C5-6152-48FC-9FE6-8DDDAD568CBD}
		{D264CE94-20C9-469B-A749-751BEB4FAD87} = {44461559-C3C5-4C28-9F9C-5947999A2A81}
		{9E7FD27F-803C-452C-A5D1-D9F0E02D675E} = {9A3BCD72-494A-45CC-8EED-63F7507B4EED}
		{D8C96B6A-7D35-49CF-917C-A65E9BB17CAB} = {9E7FD27F-803C-452C-A5D1-D9F0E02D675E}
		{6D15DB1C-431B-40AF-BABA-DEAD601433E8} = {9E7FD27F-803C-452C-A5D1-D9F0E02D675E}
		{7ECB8D7F-E14E-4F31-B323-DBF87597DA73} = {9E7FD27F-803C-452C-A5D1-D9F0E02D675E}
		{AABA3902-0F71-44C5-9D01-FC5AA461C675} = {9E7FD27F-803C-452C-A5D1-D9F0E02D675E}
		{085DCB91-88B1-4E61-97A7-417525BEF1D4} = {6D15DB1C-431B-40AF-BABA-DEAD601433E8}
		{EB2E9349-E3AC-4A57-BF27-0B6E868EA138} = {7ECB8D7F-E14E-4F31-B323-DBF87597DA73}
		{B0EA8A72-8170-46C2-AF32-473D13E16D0F} = {D8C96B6A-7D35-49CF-917C-A65E9BB17CAB}
		{93402D19-B5D9-4D01-83F1-E757E76A1028} = {AABA3902-0F71-44C5-9D01-FC5AA461C675}
	EndGlobalSection
	GlobalSection(ExtensibilityGlobals) = postSolution
		SolutionGuid = {0A903C4C-A84C-4C80-A3A2-B2B63475ED01}
	EndGlobalSection
EndGlobal
